
Microsoft Visual Studio Solution File, Format Version 12.00
# Visual Studio Version 16
VisualStudioVersion = 16.0.29728.190
MinimumVisualStudioVersion = 10.0.40219.1
Project("{888888A0-9F3D-457C-B088-3A5042F75D52}") = "Lab2", "Labs(Python)\Lab2.pyproj", "{394F472C-D670-43F9-9CBB-BC218AC13876}"
EndProject
Project("{888888A0-9F3D-457C-B088-3A5042F75D52}") = "Lab1", "Lab1\Lab1.pyproj", "{4FB11F4B-0BC4-4831-8068-31A79F7A4BB2}"
EndProject
Global
	GlobalSection(SolutionConfigurationPlatforms) = preSolution
		Debug|Any CPU = Debug|Any CPU
		Release|Any CPU = Release|Any CPU
	EndGlobalSection
	GlobalSection(ProjectConfigurationPlatforms) = postSolution
		{394F472C-D670-43F9-9CBB-BC218AC13876}.Debug|Any CPU.ActiveCfg = Debug|Any CPU
		{394F472C-D670-43F9-9CBB-BC218AC13876}.Release|Any CPU.ActiveCfg = Release|Any CPU
		{4FB11F4B-0BC4-4831-8068-31A79F7A4BB2}.Debug|Any CPU.ActiveCfg = Debug|Any CPU
		{4FB11F4B-0BC4-4831-8068-31A79F7A4BB2}.Release|Any CPU.ActiveCfg = Release|Any CPU
	EndGlobalSection
	GlobalSection(SolutionProperties) = preSolution
		HideSolutionNode = FALSE
	EndGlobalSection
	GlobalSection(ExtensibilityGlobals) = postSolution
		SolutionGuid = {587FBAD4-FF3A-4456-A771-402F541F746D}
	EndGlobalSection
EndGlobal
