
Microsoft Visual Studio Solution File, Format Version 12.00
# Visual Studio Version 16
VisualStudioVersion = 16.0.29728.190
MinimumVisualStudioVersion = 10.0.40219.1
Project("{888888A0-9F3D-457C-B088-3A5042F75D52}") = "Lab2", "Labs(Python)\Lab2.pyproj", "{394F472C-D670-43F9-9CBB-BC218AC13876}"
EndProject
Project("{888888A0-9F3D-457C-B088-3A5042F75D52}") = "Lab1", "Lab1\Lab1.pyproj", "{4FB11F4B-0BC4-4831-8068-31A79F7A4BB2}"
EndProject
Project("{888888A0-9F3D-457C-B088-3A5042F75D52}") = "Lab3", "Lab3\Lab3.pyproj", "{73B120AA-B4DE-4F4E-9948-CB42163CD6F2}"
EndProject
Project("{888888A0-9F3D-457C-B088-3A5042F75D52}") = "Lab3(moodle)", "Lab3(moodle)\Lab3(moodle).pyproj", "{5886D72A-F8A2-434B-9443-63CF4DA64A7A}"
EndProject
Project("{888888A0-9F3D-457C-B088-3A5042F75D52}") = "Lab4", "Lab4\Lab4.pyproj", "{C41A11BA-95DB-4792-B824-30F9343B234D}"
EndProject
Project("{888888A0-9F3D-457C-B088-3A5042F75D52}") = "Lab5", "Lab5\Lab5.pyproj", "{281D30EB-70F9-404C-8F0F-677ED3DBE52B}"
EndProject
Project("{888888A0-9F3D-457C-B088-3A5042F75D52}") = "Lab6", "Lab6\Lab6.pyproj", "{21345922-FDBA-4C1C-A825-1B505003AE73}"
EndProject
Project("{888888A0-9F3D-457C-B088-3A5042F75D52}") = "Lab6(test)", "Lab6(test)\Lab6(test).pyproj", "{DA24FCFD-B386-46C8-AE44-50F23696A8A5}"
EndProject
Project("{888888A0-9F3D-457C-B088-3A5042F75D52}") = "Lab7", "Lab7\Lab7.pyproj", "{EA6D90D0-0879-48A5-A3CA-2F4B0D247EE8}"
EndProject
Project("{888888A0-9F3D-457C-B088-3A5042F75D52}") = "Lab8", "Lab8\Lab8.pyproj", "{3C50317B-D33D-465E-AE39-E132C8CE9C5E}"
EndProject
Project("{888888A0-9F3D-457C-B088-3A5042F75D52}") = "Lab9", "Lab9\Lab9.pyproj", "{8639DE19-DBD1-49FC-AB4D-972EB865B79F}"
EndProject
Project("{888888A0-9F3D-457C-B088-3A5042F75D52}") = "Lab10", "Lab10\Lab10.pyproj", "{052FC8BB-A363-4494-907C-568C53905B7A}"
EndProject
Global
	GlobalSection(SolutionConfigurationPlatforms) = preSolution
		Debug|Any CPU = Debug|Any CPU
		Release|Any CPU = Release|Any CPU
	EndGlobalSection
	GlobalSection(ProjectConfigurationPlatforms) = postSolution
		{394F472C-D670-43F9-9CBB-BC218AC13876}.Debug|Any CPU.ActiveCfg = Debug|Any CPU
		{394F472C-D670-43F9-9CBB-BC218AC13876}.Release|Any CPU.ActiveCfg = Release|Any CPU
		{4FB11F4B-0BC4-4831-8068-31A79F7A4BB2}.Debug|Any CPU.ActiveCfg = Debug|Any CPU
		{4FB11F4B-0BC4-4831-8068-31A79F7A4BB2}.Release|Any CPU.ActiveCfg = Release|Any CPU
		{73B120AA-B4DE-4F4E-9948-CB42163CD6F2}.Debug|Any CPU.ActiveCfg = Debug|Any CPU
		{73B120AA-B4DE-4F4E-9948-CB42163CD6F2}.Release|Any CPU.ActiveCfg = Release|Any CPU
		{5886D72A-F8A2-434B-9443-63CF4DA64A7A}.Debug|Any CPU.ActiveCfg = Debug|Any CPU
		{5886D72A-F8A2-434B-9443-63CF4DA64A7A}.Release|Any CPU.ActiveCfg = Release|Any CPU
		{C41A11BA-95DB-4792-B824-30F9343B234D}.Debug|Any CPU.ActiveCfg = Debug|Any CPU
		{C41A11BA-95DB-4792-B824-30F9343B234D}.Release|Any CPU.ActiveCfg = Release|Any CPU
		{281D30EB-70F9-404C-8F0F-677ED3DBE52B}.Debug|Any CPU.ActiveCfg = Debug|Any CPU
		{281D30EB-70F9-404C-8F0F-677ED3DBE52B}.Release|Any CPU.ActiveCfg = Release|Any CPU
		{21345922-FDBA-4C1C-A825-1B505003AE73}.Debug|Any CPU.ActiveCfg = Debug|Any CPU
		{21345922-FDBA-4C1C-A825-1B505003AE73}.Release|Any CPU.ActiveCfg = Release|Any CPU
		{DA24FCFD-B386-46C8-AE44-50F23696A8A5}.Debug|Any CPU.ActiveCfg = Debug|Any CPU
		{DA24FCFD-B386-46C8-AE44-50F23696A8A5}.Release|Any CPU.ActiveCfg = Release|Any CPU
		{EA6D90D0-0879-48A5-A3CA-2F4B0D247EE8}.Debug|Any CPU.ActiveCfg = Debug|Any CPU
		{EA6D90D0-0879-48A5-A3CA-2F4B0D247EE8}.Release|Any CPU.ActiveCfg = Release|Any CPU
		{3C50317B-D33D-465E-AE39-E132C8CE9C5E}.Debug|Any CPU.ActiveCfg = Debug|Any CPU
		{3C50317B-D33D-465E-AE39-E132C8CE9C5E}.Release|Any CPU.ActiveCfg = Release|Any CPU
		{8639DE19-DBD1-49FC-AB4D-972EB865B79F}.Debug|Any CPU.ActiveCfg = Debug|Any CPU
		{8639DE19-DBD1-49FC-AB4D-972EB865B79F}.Release|Any CPU.ActiveCfg = Release|Any CPU
		{052FC8BB-A363-4494-907C-568C53905B7A}.Debug|Any CPU.ActiveCfg = Debug|Any CPU
		{052FC8BB-A363-4494-907C-568C53905B7A}.Release|Any CPU.ActiveCfg = Release|Any CPU
	EndGlobalSection
	GlobalSection(SolutionProperties) = preSolution
		HideSolutionNode = FALSE
	EndGlobalSection
	GlobalSection(ExtensibilityGlobals) = postSolution
		SolutionGuid = {587FBAD4-FF3A-4456-A771-402F541F746D}
	EndGlobalSection
EndGlobal
